// !$*UTF8*$!
{
	archiveVersion = 1;
	classes = {
	};
	objectVersion = 77;
	objects = {

/* Begin PBXContainerItemProxy section */
		608A42EB2EFA59650040EA4D /* PBXContainerItemProxy */ = {
			isa = PBXContainerItemProxy;
			containerPortal = 608A42CC2EFA59640040EA4D /* Project object */;
			proxyType = 1;
			remoteGlobalIDString = 608A42D32EFA59640040EA4D;
			remoteInfo = SurajPrasadDemo;
		};
		608A42F52EFA59650040EA4D /* PBXContainerItemProxy */ = {
			isa = PBXContainerItemProxy;
			containerPortal = 608A42CC2EFA59640040EA4D /* Project object */;
			proxyType = 1;
			remoteGlobalIDString = 608A42D32EFA59640040EA4D;
			remoteInfo = SurajPrasadDemo;
		};
/* End PBXContainerItemProxy section */

/* Begin PBXFileReference section */
		608A42D42EFA59640040EA4D /* SurajPrasadDemo.app */ = {isa = PBXFileReference; explicitFileType = wrapper.application; includeInIndex = 0; path = SurajPrasadDemo.app; sourceTree = BUILT_PRODUCTS_DIR; };
		608A42EA2EFA59650040EA4D /* SurajPrasadDemoTests.xctest */ = {isa = PBXFileReference; explicitFileType = wrapper.cfbundle; includeInIndex = 0; path = SurajPrasadDemoTests.xctest; sourceTree = BUILT_PRODUCTS_DIR; };
		608A42F42EFA59650040EA4D /* SurajPrasadDemoUITests.xctest */ = {isa = PBXFileReference; explicitFileType = wrapper.cfbundle; includeInIndex = 0; path = SurajPrasadDemoUITests.xctest; sourceTree = BUILT_PRODUCTS_DIR; };
/* End PBXFileReference section */

/* Begin PBXFileSystemSynchronizedBuildFileExceptionSet section */
		608A42FC2EFA59650040EA4D /* Exceptions for "SurajPrasadDemo" folder in "SurajPrasadDemo" target */ = {
			isa = PBXFileSystemSynchronizedBuildFileExceptionSet;
			membershipExceptions = (
				Info.plist,
			);
			target = 608A42D32EFA59640040EA4D /* SurajPrasadDemo */;
		};
/* End PBXFileSystemSynchronizedBuildFileExceptionSet section */

/* Begin PBXFileSystemSynchronizedRootGroup section */
		608A42D62EFA59640040EA4D /* SurajPrasadDemo */ = {
			isa = PBXFileSystemSynchronizedRootGroup;
			exceptions = (
				608A42FC2EFA59650040EA4D /* Exceptions for "SurajPrasadDemo" folder in "SurajPrasadDemo" target */,
			);
			path = SurajPrasadDemo;
			sourceTree = "<group>";
		};
		608A42ED2EFA59650040EA4D /* SurajPrasadDemoTests */ = {
			isa = PBXFileSystemSynchronizedRootGroup;
			path = SurajPrasadDemoTests;
			sourceTree = "<group>";
		};
		608A42F72EFA59650040EA4D /* SurajPrasadDemoUITests */ = {
			isa = PBXFileSystemSynchronizedRootGroup;
			path = SurajPrasadDemoUITests;
			sourceTree = "<group>";
		};
/* End PBXFileSystemSynchronizedRootGroup section */

/* Begin PBXFrameworksBuildPhase section */
		608A42D12EFA59640040EA4D /* Frameworks */ = {
			isa = PBXFrameworksBuildPhase;
			buildActionMask = 2147483647;
			files = (
			);
			runOnlyForDeploymentPostprocessing = 0;
		};
		608A42E72EFA59650040EA4D /* Frameworks */ = {
			isa = PBXFrameworksBuildPhase;
			buildActionMask = 2147483647;
			files = (
			);
			runOnlyForDeploymentPostprocessing = 0;
		};
		608A42F12EFA59650040EA4D /* Frameworks */ = {
			isa = PBXFrameworksBuildPhase;
			buildActionMask = 2147483647;
			files = (
			);
			runOnlyForDeploymentPostprocessing = 0;
		};
/* End PBXFrameworksBuildPhase section */

/* Begin PBXGroup section */
		608A42CB2EFA59640040EA4D = {
			isa = PBXGroup;
			children = (
				608A42D62EFA59640040EA4D /* SurajPrasadDemo */,
				608A42ED2EFA59650040EA4D /* SurajPrasadDemoTests */,
				608A42F72EFA59650040EA4D /* SurajPrasadDemoUITests */,
				608A42D52EFA59640040EA4D /* Products */,
			);
			sourceTree = "<group>";
		};
		608A42D52EFA59640040EA4D /* Products */ = {
			isa = PBXGroup;
			children = (
				608A42D42EFA59640040EA4D /* SurajPrasadDemo.app */,
				608A42EA2EFA59650040EA4D /* SurajPrasadDemoTests.xctest */,
				608A42F42EFA59650040EA4D /* SurajPrasadDemoUITests.xctest */,
			);
			name = Products;
			sourceTree = "<group>";
		};
/* End PBXGroup section */

/* Begin PBXNativeTarget section */
		608A42D32EFA59640040EA4D /* SurajPrasadDemo */ = {
			isa = PBXNativeTarget;
			buildConfigurationList = 608A42FD2EFA59650040EA4D /* Build configuration list for PBXNativeTarget "SurajPrasadDemo" */;
			buildPhases = (
				608A42D02EFA59640040EA4D /* Sources */,
				608A42D12EFA59640040EA4D /* Frameworks */,
				608A42D22EFA59640040EA4D /* Resources */,
			);
			buildRules = (
			);
			dependencies = (
			);
			fileSystemSynchronizedGroups = (
				608A42D62EFA59640040EA4D /* SurajPrasadDemo */,
			);
			name = SurajPrasadDemo;
			packageProductDependencies = (
			);
			productName = SurajPrasadDemo;
			productReference = 608A42D42EFA59640040EA4D /* SurajPrasadDemo.app */;
			productType = "com.apple.product-type.application";
		};
		608A42E92EFA59650040EA4D /* SurajPrasadDemoTests */ = {
			isa = PBXNativeTarget;
			buildConfigurationList = 608A43022EFA59650040EA4D /* Build configuration list for PBXNativeTarget "SurajPrasadDemoTests" */;
			buildPhases = (
				608A42E62EFA59650040EA4D /* Sources */,
				608A42E72EFA59650040EA4D /* Frameworks */,
				608A42E82EFA59650040EA4D /* Resources */,
			);
			buildRules = (
			);
			dependencies = (
				608A42EC2EFA59650040EA4D /* PBXTargetDependency */,
			);
			fileSystemSynchronizedGroups = (
				608A42ED2EFA59650040EA4D /* SurajPrasadDemoTests */,
			);
			name = SurajPrasadDemoTests;
			packageProductDependencies = (
			);
			productName = SurajPrasadDemoTests;
			productReference = 608A42EA2EFA59650040EA4D /* SurajPrasadDemoTests.xctest */;
			productType = "com.apple.product-type.bundle.unit-test";
		};
		608A42F32EFA59650040EA4D /* SurajPrasadDemoUITests */ = {
			isa = PBXNativeTarget;
			buildConfigurationList = 608A43052EFA59650040EA4D /* Build configuration list for PBXNativeTarget "SurajPrasadDemoUITests" */;
			buildPhases = (
				608A42F02EFA59650040EA4D /* Sources */,
				608A42F12EFA59650040EA4D /* Frameworks */,
				608A42F22EFA59650040EA4D /* Resources */,
			);
			buildRules = (
			);
			dependencies = (
				608A42F62EFA59650040EA4D /* PBXTargetDependency */,
			);
			fileSystemSynchronizedGroups = (
				608A42F72EFA59650040EA4D /* SurajPrasadDemoUITests */,
			);
			name = SurajPrasadDemoUITests;
			packageProductDependencies = (
			);
			productName = SurajPrasadDemoUITests;
			productReference = 608A42F42EFA59650040EA4D /* SurajPrasadDemoUITests.xctest */;
			productType = "com.apple.product-type.bundle.ui-testing";
		};
/* End PBXNativeTarget section */

/* Begin PBXProject section */
		608A42CC2EFA59640040EA4D /* Project object */ = {
			isa = PBXProject;
			attributes = {
				BuildIndependentTargetsInParallel = 1;
				LastSwiftUpdateCheck = 2620;
				LastUpgradeCheck = 2620;
				TargetAttributes = {
					608A42D32EFA59640040EA4D = {
						CreatedOnToolsVersion = 26.2;
					};
					608A42E92EFA59650040EA4D = {
						CreatedOnToolsVersion = 26.2;
						TestTargetID = 608A42D32EFA59640040EA4D;
					};
					608A42F32EFA59650040EA4D = {
						CreatedOnToolsVersion = 26.2;
						TestTargetID = 608A42D32EFA59640040EA4D;
					};
				};
			};
			buildConfigurationList = 608A42CF2EFA59640040EA4D /* Build configuration list for PBXProject "SurajPrasadDemo" */;
			developmentRegion = en;
			hasScannedForEncodings = 0;
			knownRegions = (
				en,
				Base,
			);
			mainGroup = 608A42CB2EFA59640040EA4D;
			minimizedProjectReferenceProxies = 1;
			preferredProjectObjectVersion = 77;
			productRefGroup = 608A42D52EFA59640040EA4D /* Products */;
			projectDirPath = "";
			projectRoot = "";
			targets = (
				608A42D32EFA59640040EA4D /* SurajPrasadDemo */,
				608A42E92EFA59650040EA4D /* SurajPrasadDemoTests */,
				608A42F32EFA59650040EA4D /* SurajPrasadDemoUITests */,
			);
		};
/* End PBXProject section */

/* Begin PBXResourcesBuildPhase section */
		608A42D22EFA59640040EA4D /* Resources */ = {
			isa = PBXResourcesBuildPhase;
			buildActionMask = 2147483647;
			files = (
			);
			runOnlyForDeploymentPostprocessing = 0;
		};
		608A42E82EFA59650040EA4D /* Resources */ = {
			isa = PBXResourcesBuildPhase;
			buildActionMask = 2147483647;
			files = (
			);
			runOnlyForDeploymentPostprocessing = 0;
		};
		608A42F22EFA59650040EA4D /* Resources */ = {
			isa = PBXResourcesBuildPhase;
			buildActionMask = 2147483647;
			files = (
			);
			runOnlyForDeploymentPostprocessing = 0;
		};
/* End PBXResourcesBuildPhase section */

/* Begin PBXSourcesBuildPhase section */
		608A42D02EFA59640040EA4D /* Sources */ = {
			isa = PBXSourcesBuildPhase;
			buildActionMask = 2147483647;
			files = (
			);
			runOnlyForDeploymentPostprocessing = 0;
		};
		608A42E62EFA59650040EA4D /* Sources */ = {
			isa = PBXSourcesBuildPhase;
			buildActionMask = 2147483647;
			files = (
			);
			runOnlyForDeploymentPostprocessing = 0;
		};
		608A42F02EFA59650040EA4D /* Sources */ = {
			isa = PBXSourcesBuildPhase;
			buildActionMask = 2147483647;
			files = (
			);
			runOnlyForDeploymentPostprocessing = 0;
		};
/* End PBXSourcesBuildPhase section */

/* Begin PBXTargetDependency section */
		608A42EC2EFA59650040EA4D /* PBXTargetDependency */ = {
			isa = PBXTargetDependency;
			target = 608A42D32EFA59640040EA4D /* SurajPrasadDemo */;
			targetProxy = 608A42EB2EFA59650040EA4D /* PBXContainerItemProxy */;
		};
		608A42F62EFA59650040EA4D /* PBXTargetDependency */ = {
			isa = PBXTargetDependency;
			target = 608A42D32EFA59640040EA4D /* SurajPrasadDemo */;
			targetProxy = 608A42F52EFA59650040EA4D /* PBXContainerItemProxy */;
		};
/* End PBXTargetDependency section */

/* Begin XCBuildConfiguration section */
		608A42FE2EFA59650040EA4D /* Debug */ = {
			isa = XCBuildConfiguration;
			buildSettings = {
				ASSETCATALOG_COMPILER_APPICON_NAME = AppIcon;
				ASSETCATALOG_COMPILER_GLOBAL_ACCENT_COLOR_NAME = AccentColor;
				CODE_SIGN_STYLE = Automatic;
				CURRENT_PROJECT_VERSION = 1;
				DEVELOPMENT_TEAM = WMQRG8QVLB;
				GENERATE_INFOPLIST_FILE = YES;
				INFOPLIST_FILE = SurajPrasadDemo/Info.plist;
				INFOPLIST_KEY_UIApplicationSupportsIndirectInputEvents = YES;
				INFOPLIST_KEY_UILaunchStoryboardName = LaunchScreen;
				INFOPLIST_KEY_UIMainStoryboardFile = "";
				INFOPLIST_KEY_UISupportedInterfaceOrientations_iPad = "UIInterfaceOrientationPortrait UIInterfaceOrientationPortraitUpsideDown UIInterfaceOrientationLandscapeLeft UIInterfaceOrientationLandscapeRight";
				INFOPLIST_KEY_UISupportedInterfaceOrientations_iPhone = "UIInterfaceOrientationPortrait UIInterfaceOrientationLandscapeLeft UIInterfaceOrientationLandscapeRight";
				LD_RUNPATH_SEARCH_PATHS = (
					"$(inherited)",
					"@executable_path/Frameworks",
				);
				MARKETING_VERSION = 1.0;
				PRODUCT_BUNDLE_IDENTIFIER = com.ios.SurajPrasadDemo;
				PRODUCT_NAME = "$(TARGET_NAME)";
				STRING_CATALOG_GENERATE_SYMBOLS = YES;
				SWIFT_APPROACHABLE_CONCURRENCY = YES;
				SWIFT_DEFAULT_ACTOR_ISOLATION = MainActor;
				SWIFT_EMIT_LOC_STRINGS = YES;
				SWIFT_UPCOMING_FEATURE_MEMBER_IMPORT_VISIBILITY = YES;
				SWIFT_VERSION = 5.0;
				TARGETED_DEVICE_FAMILY = "1,2";
			};
			name = Debug;
		};
		608A42FF2EFA59650040EA4D /* Release */ = {
			isa = XCBuildConfiguration;
			buildSettings = {
				ASSETCATALOG_COMPILER_APPICON_NAME = AppIcon;
				ASSETCATALOG_COMPILER_GLOBAL_ACCENT_COLOR_NAME = AccentColor;
				CODE_SIGN_STYLE = Automatic;
				CURRENT_PROJECT_VERSION = 1;
				DEVELOPMENT_TEAM = WMQRG8QVLB;
				GENERATE_INFOPLIST_FILE = YES;
				INFOPLIST_FILE = SurajPrasadDemo/Info.plist;
				INFOPLIST_KEY_UIApplicationSupportsIndirectInputEvents = YES;
				INFOPLIST_KEY_UILaunchStoryboardName = LaunchScreen;
				INFOPLIST_KEY_UIMainStoryboardFile = "";
				INFOPLIST_KEY_UISupportedInterfaceOrientations_iPad = "UIInterfaceOrientationPortrait UIInterfaceOrientationPortraitUpsideDown UIInterfaceOrientationLandscapeLeft UIInterfaceOrientationLandscapeRight";
				INFOPLIST_KEY_UISupportedInterfaceOrientations_iPhone = "UIInterfaceOrientationPortrait UIInterfaceOrientationLandscapeLeft UIInterfaceOrientationLandscapeRight";
				LD_RUNPATH_SEARCH_PATHS = (
					"$(inherited)",
					"@executable_path/Frameworks",
				);
				MARKETING_VERSION = 1.0;
				PRODUCT_BUNDLE_IDENTIFIER = com.ios.SurajPrasadDemo;
				PRODUCT_NAME = "$(TARGET_NAME)";
				STRING_CATALOG_GENERATE_SYMBOLS = YES;
				SWIFT_APPROACHABLE_CONCURRENCY = YES;
				SWIFT_DEFAULT_ACTOR_ISOLATION = MainActor;
				SWIFT_EMIT_LOC_STRINGS = YES;
				SWIFT_UPCOMING_FEATURE_MEMBER_IMPORT_VISIBILITY = YES;
				SWIFT_VERSION = 5.0;
				TARGETED_DEVICE_FAMILY = "1,2";
			};
			name = Release;
		};
		608A43002EFA59650040EA4D /* Debug */ = {
			isa = XCBuildConfiguration;
			buildSettings = {
				ALWAYS_SEARCH_USER_PATHS = NO;
				ASSETCATALOG_COMPILER_GENERATE_SWIFT_ASSET_SYMBOL_EXTENSIONS = YES;
				CLANG_ANALYZER_NONNULL = YES;
				CLANG_ANALYZER_NUMBER_OBJECT_CONVERSION = YES_AGGRESSIVE;
				CLANG_CXX_LANGUAGE_STANDARD = "gnu++20";
				CLANG_ENABLE_MODULES = YES;
				CLANG_ENABLE_OBJC_ARC = YES;
				CLANG_ENABLE_OBJC_WEAK = YES;
				CLANG_WARN_BLOCK_CAPTURE_AUTORELEASING = YES;
				CLANG_WARN_BOOL_CONVERSION = YES;
				CLANG_WARN_COMMA = YES;
				CLANG_WARN_CONSTANT_CONVERSION = YES;
				CLANG_WARN_DEPRECATED_OBJC_IMPLEMENTATIONS = YES;
				CLANG_WARN_DIRECT_OBJC_ISA_USAGE = YES_ERROR;
				CLANG_WARN_DOCUMENTATION_COMMENTS = YES;
				CLANG_WARN_EMPTY_BODY = YES;
				CLANG_WARN_ENUM_CONVERSION = YES;
				CLANG_WARN_INFINITE_RECURSION = YES;
				CLANG_WARN_INT_CONVERSION = YES;
				CLANG_WARN_NON_LITERAL_NULL_CONVERSION = YES;
				CLANG_WARN_OBJC_IMPLICIT_RETAIN_SELF = YES;
				CLANG_WARN_OBJC_LITERAL_CONVERSION = YES;
				CLANG_WARN_OBJC_ROOT_CLASS = YES_ERROR;
				CLANG_WARN_QUOTED_INCLUDE_IN_FRAMEWORK_HEADER = YES;
				CLANG_WARN_RANGE_LOOP_ANALYSIS = YES;
				CLANG_WARN_STRICT_PROTOTYPES = YES;
				CLANG_WARN_SUSPICIOUS_MOVE = YES;
				CLANG_WARN_UNGUARDED_AVAILABILITY = YES_AGGRESSIVE;
				CLANG_WARN_UNREACHABLE_CODE = YES;
				CLANG_WARN__DUPLICATE_METHOD_MATCH = YES;
				COPY_PHASE_STRIP = NO;
				DEBUG_INFORMATION_FORMAT = dwarf;
				DEVELOPMENT_TEAM = WMQRG8QVLB;
				ENABLE_STRICT_OBJC_MSGSEND = YES;
				ENABLE_TESTABILITY = YES;
				ENABLE_USER_SCRIPT_SANDBOXING = YES;
				GCC_C_LANGUAGE_STANDARD = gnu17;
				GCC_DYNAMIC_NO_PIC = NO;
				GCC_NO_COMMON_BLOCKS = YES;
				GCC_OPTIMIZATION_LEVEL = 0;
				GCC_PREPROCESSOR_DEFINITIONS = (
					"DEBUG=1",
					"$(inherited)",
				);
				GCC_WARN_64_TO_32_BIT_CONVERSION = YES;
				GCC_WARN_ABOUT_RETURN_TYPE = YES_ERROR;
				GCC_WARN_UNDECLARED_SELECTOR = YES;
				GCC_WARN_UNINITIALIZED_AUTOS = YES_AGGRESSIVE;
				GCC_WARN_UNUSED_FUNCTION = YES;
				GCC_WARN_UNUSED_VARIABLE = YES;
				IPHONEOS_DEPLOYMENT_TARGET = 26.2;
				LOCALIZATION_PREFERS_STRING_CATALOGS = YES;
				MTL_ENABLE_DEBUG_INFO = INCLUDE_SOURCE;
				MTL_FAST_MATH = YES;
				ONLY_ACTIVE_ARCH = YES;
				SDKROOT = iphoneos;
				SWIFT_ACTIVE_COMPILATION_CONDITIONS = "DEBUG $(inherited)";
				SWIFT_OPTIMIZATION_LEVEL = "-Onone";
			};
			name = Debug;
		};
		608A43012EFA59650040EA4D /* Release */ = {
			isa = XCBuildConfiguration;
			buildSettings = {
				ALWAYS_SEARCH_USER_PATHS = NO;
				ASSETCATALOG_COMPILER_GENERATE_SWIFT_ASSET_SYMBOL_EXTENSIONS = YES;
				CLANG_ANALYZER_NONNULL = YES;
				CLANG_ANALYZER_NUMBER_OBJECT_CONVERSION = YES_AGGRESSIVE;
				CLANG_CXX_LANGUAGE_STANDARD = "gnu++20";
				CLANG_ENABLE_MODULES = YES;
				CLANG_ENABLE_OBJC_ARC = YES;
				CLANG_ENABLE_OBJC_WEAK = YES;
				CLANG_WARN_BLOCK_CAPTURE_AUTORELEASING = YES;
				CLANG_WARN_BOOL_CONVERSION = YES;
				CLANG_WARN_COMMA = YES;
				CLANG_WARN_CONSTANT_CONVERSION = YES;
				CLANG_WARN_DEPRECATED_OBJC_IMPLEMENTATIONS = YES;
				CLANG_WARN_DIRECT_OBJC_ISA_USAGE = YES_ERROR;
				CLANG_WARN_DOCUMENTATION_COMMENTS = YES;
				CLANG_WARN_EMPTY_BODY = YES;
				CLANG_WARN_ENUM_CONVERSION = YES;
				CLANG_WARN_INFINITE_RECURSION = YES;
				CLANG_WARN_INT_CONVERSION = YES;
				CLANG_WARN_NON_LITERAL_NULL_CONVERSION = YES;
				CLANG_WARN_OBJC_IMPLICIT_RETAIN_SELF = YES;
				CLANG_WARN_OBJC_LITERAL_CONVERSION = YES;
				CLANG_WARN_OBJC_ROOT_CLASS = YES_ERROR;
				CLANG_WARN_QUOTED_INCLUDE_IN_FRAMEWORK_HEADER = YES;
				CLANG_WARN_RANGE_LOOP_ANALYSIS = YES;
				CLANG_WARN_STRICT_PROTOTYPES = YES;
				CLANG_WARN_SUSPICIOUS_MOVE = YES;
				CLANG_WARN_UNGUARDED_AVAILABILITY = YES_AGGRESSIVE;
				CLANG_WARN_UNREACHABLE_CODE = YES;
				CLANG_WARN__DUPLICATE_METHOD_MATCH = YES;
				COPY_PHASE_STRIP = NO;
				DEBUG_INFORMATION_FORMAT = "dwarf-with-dsym";
				DEVELOPMENT_TEAM = WMQRG8QVLB;
				ENABLE_NS_ASSERTIONS = NO;
				ENABLE_STRICT_OBJC_MSGSEND = YES;
				ENABLE_USER_SCRIPT_SANDBOXING = YES;
				GCC_C_LANGUAGE_STANDARD = gnu17;
				GCC_NO_COMMON_BLOCKS = YES;
				GCC_WARN_64_TO_32_BIT_CONVERSION = YES;
				GCC_WARN_ABOUT_RETURN_TYPE = YES_ERROR;
				GCC_WARN_UNDECLARED_SELECTOR = YES;
				GCC_WARN_UNINITIALIZED_AUTOS = YES_AGGRESSIVE;
				GCC_WARN_UNUSED_FUNCTION = YES;
				GCC_WARN_UNUSED_VARIABLE = YES;
				IPHONEOS_DEPLOYMENT_TARGET = 26.2;
				LOCALIZATION_PREFERS_STRING_CATALOGS = YES;
				MTL_ENABLE_DEBUG_INFO = NO;
				MTL_FAST_MATH = YES;
				SDKROOT = iphoneos;
				SWIFT_COMPILATION_MODE = wholemodule;
				VALIDATE_PRODUCT = YES;
			};
			name = Release;
		};
		608A43032EFA59650040EA4D /* Debug */ = {
			isa = XCBuildConfiguration;
			buildSettings = {
				BUNDLE_LOADER = "$(TEST_HOST)";
				CODE_SIGN_STYLE = Automatic;
				CURRENT_PROJECT_VERSION = 1;
				DEVELOPMENT_TEAM = WMQRG8QVLB;
				GENERATE_INFOPLIST_FILE = YES;
				IPHONEOS_DEPLOYMENT_TARGET = 26.2;
				MARKETING_VERSION = 1.0;
				PRODUCT_BUNDLE_IDENTIFIER = com.ios.SurajPrasadDemoTests;
				PRODUCT_NAME = "$(TARGET_NAME)";
				STRING_CATALOG_GENERATE_SYMBOLS = NO;
				SWIFT_APPROACHABLE_CONCURRENCY = YES;
				SWIFT_EMIT_LOC_STRINGS = NO;
				SWIFT_UPCOMING_FEATURE_MEMBER_IMPORT_VISIBILITY = YES;
				SWIFT_VERSION = 5.0;
				TARGETED_DEVICE_FAMILY = "1,2";
				TEST_HOST = "$(BUILT_PRODUCTS_DIR)/SurajPrasadDemo.app/$(BUNDLE_EXECUTABLE_FOLDER_PATH)/SurajPrasadDemo";
			};
			name = Debug;
		};
		608A43042EFA59650040EA4D /* Release */ = {
			isa = XCBuildConfiguration;
			buildSettings = {
				BUNDLE_LOADER = "$(TEST_HOST)";
				CODE_SIGN_STYLE = Automatic;
				CURRENT_PROJECT_VERSION = 1;
				DEVELOPMENT_TEAM = WMQRG8QVLB;
				GENERATE_INFOPLIST_FILE = YES;
				IPHONEOS_DEPLOYMENT_TARGET = 26.2;
				MARKETING_VERSION = 1.0;
				PRODUCT_BUNDLE_IDENTIFIER = com.ios.SurajPrasadDemoTests;
				PRODUCT_NAME = "$(TARGET_NAME)";
				STRING_CATALOG_GENERATE_SYMBOLS = NO;
				SWIFT_APPROACHABLE_CONCURRENCY = YES;
				SWIFT_EMIT_LOC_STRINGS = NO;
				SWIFT_UPCOMING_FEATURE_MEMBER_IMPORT_VISIBILITY = YES;
				SWIFT_VERSION = 5.0;
				TARGETED_DEVICE_FAMILY = "1,2";
				TEST_HOST = "$(BUILT_PRODUCTS_DIR)/SurajPrasadDemo.app/$(BUNDLE_EXECUTABLE_FOLDER_PATH)/SurajPrasadDemo";
			};
			name = Release;
		};
		608A43062EFA59650040EA4D /* Debug */ = {
			isa = XCBuildConfiguration;
			buildSettings = {
				CODE_SIGN_STYLE = Automatic;
				CURRENT_PROJECT_VERSION = 1;
				DEVELOPMENT_TEAM = WMQRG8QVLB;
				GENERATE_INFOPLIST_FILE = YES;
				MARKETING_VERSION = 1.0;
				PRODUCT_BUNDLE_IDENTIFIER = com.ios.SurajPrasadDemoUITests;
				PRODUCT_NAME = "$(TARGET_NAME)";
				STRING_CATALOG_GENERATE_SYMBOLS = NO;
				SWIFT_APPROACHABLE_CONCURRENCY = YES;
				SWIFT_EMIT_LOC_STRINGS = NO;
				SWIFT_UPCOMING_FEATURE_MEMBER_IMPORT_VISIBILITY = YES;
				SWIFT_VERSION = 5.0;
				TARGETED_DEVICE_FAMILY = "1,2";
				TEST_TARGET_NAME = SurajPrasadDemo;
			};
			name = Debug;
		};
		608A43072EFA59650040EA4D /* Release */ = {
			isa = XCBuildConfiguration;
			buildSettings = {
				CODE_SIGN_STYLE = Automatic;
				CURRENT_PROJECT_VERSION = 1;
				DEVELOPMENT_TEAM = WMQRG8QVLB;
				GENERATE_INFOPLIST_FILE = YES;
				MARKETING_VERSION = 1.0;
				PRODUCT_BUNDLE_IDENTIFIER = com.ios.SurajPrasadDemoUITests;
				PRODUCT_NAME = "$(TARGET_NAME)";
				STRING_CATALOG_GENERATE_SYMBOLS = NO;
				SWIFT_APPROACHABLE_CONCURRENCY = YES;
				SWIFT_EMIT_LOC_STRINGS = NO;
				SWIFT_UPCOMING_FEATURE_MEMBER_IMPORT_VISIBILITY = YES;
				SWIFT_VERSION = 5.0;
				TARGETED_DEVICE_FAMILY = "1,2";
				TEST_TARGET_NAME = SurajPrasadDemo;
			};
			name = Release;
		};
/* End XCBuildConfiguration section */

/* Begin XCConfigurationList section */
		608A42CF2EFA59640040EA4D /* Build configuration list for PBXProject "SurajPrasadDemo" */ = {
			isa = XCConfigurationList;
			buildConfigurations = (
				608A43002EFA59650040EA4D /* Debug */,
				608A43012EFA59650040EA4D /* Release */,
			);
			defaultConfigurationIsVisible = 0;
			defaultConfigurationName = Release;
		};
		608A42FD2EFA59650040EA4D /* Build configuration list for PBXNativeTarget "SurajPrasadDemo" */ = {
			isa = XCConfigurationList;
			buildConfigurations = (
				608A42FE2EFA59650040EA4D /* Debug */,
				608A42FF2EFA59650040EA4D /* Release */,
			);
			defaultConfigurationIsVisible = 0;
			defaultConfigurationName = Release;
		};
		608A43022EFA59650040EA4D /* Build configuration list for PBXNativeTarget "SurajPrasadDemoTests" */ = {
			isa = XCConfigurationList;
			buildConfigurations = (
				608A43032EFA59650040EA4D /* Debug */,
				608A43042EFA59650040EA4D /* Release */,
			);
			defaultConfigurationIsVisible = 0;
			defaultConfigurationName = Release;
		};
		608A43052EFA59650040EA4D /* Build configuration list for PBXNativeTarget "SurajPrasadDemoUITests" */ = {
			isa = XCConfigurationList;
			buildConfigurations = (
				608A43062EFA59650040EA4D /* Debug */,
				608A43072EFA59650040EA4D /* Release */,
			);
			defaultConfigurationIsVisible = 0;
			defaultConfigurationName = Release;
		};
/* End XCConfigurationList section */
	};
	rootObject = 608A42CC2EFA59640040EA4D /* Project object */;
}
